<Solution>
  <Folder Name="/src/" />
  <Folder Name="/src/api/">
    <Project Path="src/api/WorkIqProfileChat.Api.csproj" />
  </Folder>
  <Folder Name="/tests/" />
  <Folder Name="/tests/Api.Tests/">
    <Project Path="tests/Api.Tests/WorkIqProfileChat.Api.Tests.csproj" />
  </Folder>
  <Folder Name="/tools/">
    <Project Path="tools/AgentSetup/AgentSetup.csproj" />
  </Folder>
</Solution>
